
Microsoft Visual Studio Solution File, Format Version 12.00
# Visual Studio 15
VisualStudioVersion = 15.0.28010.2050
MinimumVisualStudioVersion = 10.0.40219.1
Project("{FAE04EC0-301F-11D3-BF4B-00C04F79EFBC}") = "RInvaders", "RInvaders\RInvaders.csproj", "{7A2D254D-D030-40E6-A855-2F87093BF1BB}"
EndProject
Project("{FAE04EC0-301F-11D3-BF4B-00C04F79EFBC}") = "ArquivoDeTexto", "ArquivoDeTexto\ArquivoDeTexto.csproj", "{A7929E13-85AE-4799-BB5F-65BC38335485}"
EndProject
Global
	GlobalSection(SolutionConfigurationPlatforms) = preSolution
		Debug|Any CPU = Debug|Any CPU
		Release|Any CPU = Release|Any CPU
	EndGlobalSection
	GlobalSection(ProjectConfigurationPlatforms) = postSolution
		{7A2D254D-D030-40E6-A855-2F87093BF1BB}.Debug|Any CPU.ActiveCfg = Debug|Any CPU
		{7A2D254D-D030-40E6-A855-2F87093BF1BB}.Debug|Any CPU.Build.0 = Debug|Any CPU
		{7A2D254D-D030-40E6-A855-2F87093BF1BB}.Release|Any CPU.ActiveCfg = Release|Any CPU
		{7A2D254D-D030-40E6-A855-2F87093BF1BB}.Release|Any CPU.Build.0 = Release|Any CPU
		{A7929E13-85AE-4799-BB5F-65BC38335485}.Debug|Any CPU.ActiveCfg = Debug|Any CPU
		{A7929E13-85AE-4799-BB5F-65BC38335485}.Debug|Any CPU.Build.0 = Debug|Any CPU
		{A7929E13-85AE-4799-BB5F-65BC38335485}.Release|Any CPU.ActiveCfg = Release|Any CPU
		{A7929E13-85AE-4799-BB5F-65BC38335485}.Release|Any CPU.Build.0 = Release|Any CPU
	EndGlobalSection
	GlobalSection(SolutionProperties) = preSolution
		HideSolutionNode = FALSE
	EndGlobalSection
	GlobalSection(ExtensibilityGlobals) = postSolution
		SolutionGuid = {721652EA-B536-4956-B5A9-4545DBB5F371}
	EndGlobalSection
EndGlobal
